// !$*UTF8*$!
{
	archiveVersion = 1;
	classes = {
	};
	objectVersion = 46;
	objects = {

/* Begin PBXBuildFile section */
		AD9982A0150A1358005D8D1F /* UserSession.m in Sources */ = {isa = PBXBuildFile; fileRef = AD99829F150A1358005D8D1F /* UserSession.m */; };
		AD9982A3150A1B41005D8D1F /* User.m in Sources */ = {isa = PBXBuildFile; fileRef = AD9982A2150A1B41005D8D1F /* User.m */; };
		AD9CC4CD1500249100FEBE10 /* DXDALConfigurableRequest.h in Headers */ = {isa = PBXBuildFile; fileRef = AD9CC4C21500249100FEBE10 /* DXDALConfigurableRequest.h */; settings = {ATTRIBUTES = (Private, ); }; };
		AD9CC4CE1500249100FEBE10 /* DXDALDataProvider.h in Headers */ = {isa = PBXBuildFile; fileRef = AD9CC4C31500249100FEBE10 /* DXDALDataProvider.h */; settings = {ATTRIBUTES = (Public, ); }; };
		AD9CC4CF1500249100FEBE10 /* DXDALMapper.h in Headers */ = {isa = PBXBuildFile; fileRef = AD9CC4C41500249100FEBE10 /* DXDALMapper.h */; settings = {ATTRIBUTES = (Public, ); }; };
		AD9CC4D01500249100FEBE10 /* DXDALParser.h in Headers */ = {isa = PBXBuildFile; fileRef = AD9CC4C51500249100FEBE10 /* DXDALParser.h */; settings = {ATTRIBUTES = (Public, ); }; };
		AD9CC4D11500249100FEBE10 /* DXDALRequestFactoryProtocol.h in Headers */ = {isa = PBXBuildFile; fileRef = AD9CC4C61500249100FEBE10 /* DXDALRequestFactoryProtocol.h */; settings = {ATTRIBUTES = (Public, ); }; };
		AD9CC4D4150026D500FEBE10 /* DXDAL.h in Headers */ = {isa = PBXBuildFile; fileRef = AD9CC4C01500249100FEBE10 /* DXDAL.h */; };
		AD9CC4DB1500277A00FEBE10 /* libPods-tests.a in Frameworks */ = {isa = PBXBuildFile; fileRef = AD9CC4DA1500277A00FEBE10 /* libPods-tests.a */; };
		AD9CC4E0150027E700FEBE10 /* SystemConfiguration.framework in Frameworks */ = {isa = PBXBuildFile; fileRef = AD9CC4DF150027E700FEBE10 /* SystemConfiguration.framework */; };
		ADBA51B41500E4FB004F3003 /* UIKit.framework in Frameworks */ = {isa = PBXBuildFile; fileRef = ADDC38EA15002300007349BC /* UIKit.framework */; };
		ADBA51B51500E4FB004F3003 /* Foundation.framework in Frameworks */ = {isa = PBXBuildFile; fileRef = ADDC38DA15002300007349BC /* Foundation.framework */; };
		ADBA51B71500E4FB004F3003 /* CoreGraphics.framework in Frameworks */ = {isa = PBXBuildFile; fileRef = ADBA51B61500E4FB004F3003 /* CoreGraphics.framework */; };
		ADBA51BD1500E4FB004F3003 /* InfoPlist.strings in Resources */ = {isa = PBXBuildFile; fileRef = ADBA51BB1500E4FB004F3003 /* InfoPlist.strings */; };
		ADBA51BF1500E4FB004F3003 /* main.m in Sources */ = {isa = PBXBuildFile; fileRef = ADBA51BE1500E4FB004F3003 /* main.m */; };
		ADBA51C81500E58E004F3003 /* UsersAPI.m in Sources */ = {isa = PBXBuildFile; fileRef = F7DD19BE85CF4147A562657B /* UsersAPI.m */; };
		ADBA51C91500E5A3004F3003 /* libDXDAL.a in Frameworks */ = {isa = PBXBuildFile; fileRef = ADDC38D715002300007349BC /* libDXDAL.a */; };
		ADDC38DB15002300007349BC /* Foundation.framework in Frameworks */ = {isa = PBXBuildFile; fileRef = ADDC38DA15002300007349BC /* Foundation.framework */; };
		ADDC38E915002300007349BC /* SenTestingKit.framework in Frameworks */ = {isa = PBXBuildFile; fileRef = ADDC38E815002300007349BC /* SenTestingKit.framework */; };
		ADDC38EB15002300007349BC /* UIKit.framework in Frameworks */ = {isa = PBXBuildFile; fileRef = ADDC38EA15002300007349BC /* UIKit.framework */; };
		ADDC38EC15002300007349BC /* Foundation.framework in Frameworks */ = {isa = PBXBuildFile; fileRef = ADDC38DA15002300007349BC /* Foundation.framework */; };
		ADDC38EF15002300007349BC /* libDXDAL.a in Frameworks */ = {isa = PBXBuildFile; fileRef = ADDC38D715002300007349BC /* libDXDAL.a */; };
		BC1ABAD417D89FF500E5A5A0 /* DXDALPaginationParser.h in Headers */ = {isa = PBXBuildFile; fileRef = BC1ABAD217D89FF500E5A5A0 /* DXDALPaginationParser.h */; };
		BC1ABAD517D89FF500E5A5A0 /* DXDALPaginationParser.m in Sources */ = {isa = PBXBuildFile; fileRef = BC1ABAD317D89FF500E5A5A0 /* DXDALPaginationParser.m */; };
		BCC504E7169ECAAF00C5EBF1 /* DXDALAppDelegate.m in Sources */ = {isa = PBXBuildFile; fileRef = ADBA51C21500E4FB004F3003 /* DXDALAppDelegate.m */; };
		BCCB2B8C17DA1D28005DA6B2 /* SystemConfiguration.framework in Frameworks */ = {isa = PBXBuildFile; fileRef = AD9CC4DF150027E700FEBE10 /* SystemConfiguration.framework */; };
		BCCB2B8E17DA1D53005DA6B2 /* MobileCoreServices.framework in Frameworks */ = {isa = PBXBuildFile; fileRef = BCCB2B8D17DA1D52005DA6B2 /* MobileCoreServices.framework */; };
		E75589B616303F1000A1595C /* DXDALDataProviderHTTP.h in Headers */ = {isa = PBXBuildFile; fileRef = E755899816303F1000A1595C /* DXDALDataProviderHTTP.h */; };
		E75589B716303F1000A1595C /* DXDALDataProviderHTTP.m in Sources */ = {isa = PBXBuildFile; fileRef = E755899916303F1000A1595C /* DXDALDataProviderHTTP.m */; };
		E75589B816303F1000A1595C /* DXDALDataProviderHTTP.m in Sources */ = {isa = PBXBuildFile; fileRef = E755899916303F1000A1595C /* DXDALDataProviderHTTP.m */; };
		E75589BA16303F1000A1595C /* DXDALDataProviderMultipartForm.h in Headers */ = {isa = PBXBuildFile; fileRef = E755899A16303F1000A1595C /* DXDALDataProviderMultipartForm.h */; };
		E75589BB16303F1000A1595C /* DXDALDataProviderMultipartForm.m in Sources */ = {isa = PBXBuildFile; fileRef = E755899B16303F1000A1595C /* DXDALDataProviderMultipartForm.m */; };
		E75589BC16303F1000A1595C /* DXDALDataProviderMultipartForm.m in Sources */ = {isa = PBXBuildFile; fileRef = E755899B16303F1000A1595C /* DXDALDataProviderMultipartForm.m */; };
		E75589BE16303F1000A1595C /* DXDALDataProviderMultipartFormStreaming.h in Headers */ = {isa = PBXBuildFile; fileRef = E755899C16303F1000A1595C /* DXDALDataProviderMultipartFormStreaming.h */; };
		E75589BF16303F1000A1595C /* DXDALDataProviderMultipartFormStreaming.m in Sources */ = {isa = PBXBuildFile; fileRef = E755899D16303F1000A1595C /* DXDALDataProviderMultipartFormStreaming.m */; };
		E75589C016303F1000A1595C /* DXDALDataProviderMultipartFormStreaming.m in Sources */ = {isa = PBXBuildFile; fileRef = E755899D16303F1000A1595C /* DXDALDataProviderMultipartFormStreaming.m */; };
		E75589C216303F1000A1595C /* DXDALHTTPClient.h in Headers */ = {isa = PBXBuildFile; fileRef = E755899E16303F1000A1595C /* DXDALHTTPClient.h */; };
		E75589C316303F1000A1595C /* DXDALHTTPClient.m in Sources */ = {isa = PBXBuildFile; fileRef = E755899F16303F1000A1595C /* DXDALHTTPClient.m */; };
		E75589C416303F1000A1595C /* DXDALHTTPClient.m in Sources */ = {isa = PBXBuildFile; fileRef = E755899F16303F1000A1595C /* DXDALHTTPClient.m */; };
		E75589C616303F1000A1595C /* DXDALMapperStandart.h in Headers */ = {isa = PBXBuildFile; fileRef = E75589A016303F1000A1595C /* DXDALMapperStandart.h */; };
		E75589C716303F1000A1595C /* DXDALMapperStandart.m in Sources */ = {isa = PBXBuildFile; fileRef = E75589A116303F1000A1595C /* DXDALMapperStandart.m */; };
		E75589C816303F1000A1595C /* DXDALMapperStandart.m in Sources */ = {isa = PBXBuildFile; fileRef = E75589A116303F1000A1595C /* DXDALMapperStandart.m */; };
		E75589CA16303F1000A1595C /* DXDALParserJSON.h in Headers */ = {isa = PBXBuildFile; fileRef = E75589A216303F1000A1595C /* DXDALParserJSON.h */; };
		E75589CB16303F1000A1595C /* DXDALParserJSON.m in Sources */ = {isa = PBXBuildFile; fileRef = E75589A316303F1000A1595C /* DXDALParserJSON.m */; };
		E75589CC16303F1000A1595C /* DXDALParserJSON.m in Sources */ = {isa = PBXBuildFile; fileRef = E75589A316303F1000A1595C /* DXDALParserJSON.m */; };
		E75589CE16303F1000A1595C /* DXDALRequestFactory.h in Headers */ = {isa = PBXBuildFile; fileRef = E75589A516303F1000A1595C /* DXDALRequestFactory.h */; };
		E75589CF16303F1000A1595C /* DXDALRequestFactory.m in Sources */ = {isa = PBXBuildFile; fileRef = E75589A616303F1000A1595C /* DXDALRequestFactory.m */; };
		E75589D016303F1000A1595C /* DXDALRequestFactory.m in Sources */ = {isa = PBXBuildFile; fileRef = E75589A616303F1000A1595C /* DXDALRequestFactory.m */; };
		E75589D216303F1000A1595C /* DXDALRequestFactoryHTTP.h in Headers */ = {isa = PBXBuildFile; fileRef = E75589A716303F1000A1595C /* DXDALRequestFactoryHTTP.h */; };
		E75589D316303F1000A1595C /* DXDALRequestFactoryHTTP.m in Sources */ = {isa = PBXBuildFile; fileRef = E75589A816303F1000A1595C /* DXDALRequestFactoryHTTP.m */; };
		E75589D416303F1000A1595C /* DXDALRequestFactoryHTTP.m in Sources */ = {isa = PBXBuildFile; fileRef = E75589A816303F1000A1595C /* DXDALRequestFactoryHTTP.m */; };
		E75589D616303F1000A1595C /* DXDALRequest.h in Headers */ = {isa = PBXBuildFile; fileRef = E75589AA16303F1000A1595C /* DXDALRequest.h */; };
		E75589D716303F1000A1595C /* DXDALRequest.m in Sources */ = {isa = PBXBuildFile; fileRef = E75589AB16303F1000A1595C /* DXDALRequest.m */; };
		E75589D816303F1000A1595C /* DXDALRequest.m in Sources */ = {isa = PBXBuildFile; fileRef = E75589AB16303F1000A1595C /* DXDALRequest.m */; };
		E75589DA16303F1000A1595C /* DXDALRequestHTTP.h in Headers */ = {isa = PBXBuildFile; fileRef = E75589AC16303F1000A1595C /* DXDALRequestHTTP.h */; };
		E75589DB16303F1000A1595C /* DXDALRequestHTTP.m in Sources */ = {isa = PBXBuildFile; fileRef = E75589AD16303F1000A1595C /* DXDALRequestHTTP.m */; };
		E75589DC16303F1000A1595C /* DXDALRequestHTTP.m in Sources */ = {isa = PBXBuildFile; fileRef = E75589AD16303F1000A1595C /* DXDALRequestHTTP.m */; };
		E75589DE16303F1000A1595C /* DXDALRequestHTTPPagination.h in Headers */ = {isa = PBXBuildFile; fileRef = E75589AE16303F1000A1595C /* DXDALRequestHTTPPagination.h */; };
		E75589DF16303F1000A1595C /* DXDALRequestHTTPPagination.m in Sources */ = {isa = PBXBuildFile; fileRef = E75589AF16303F1000A1595C /* DXDALRequestHTTPPagination.m */; };
		E75589E016303F1000A1595C /* DXDALRequestHTTPPagination.m in Sources */ = {isa = PBXBuildFile; fileRef = E75589AF16303F1000A1595C /* DXDALRequestHTTPPagination.m */; };
		E75589E216303F1000A1595C /* DXDALRequestHTTPRawData.h in Headers */ = {isa = PBXBuildFile; fileRef = E75589B016303F1000A1595C /* DXDALRequestHTTPRawData.h */; };
		E75589E316303F1000A1595C /* DXDALRequestHTTPRawData.m in Sources */ = {isa = PBXBuildFile; fileRef = E75589B116303F1000A1595C /* DXDALRequestHTTPRawData.m */; };
		E75589E416303F1000A1595C /* DXDALRequestHTTPRawData.m in Sources */ = {isa = PBXBuildFile; fileRef = E75589B116303F1000A1595C /* DXDALRequestHTTPRawData.m */; };
		E75589E616303F1000A1595C /* DXDALRequestMultipartForm.h in Headers */ = {isa = PBXBuildFile; fileRef = E75589B216303F1000A1595C /* DXDALRequestMultipartForm.h */; };
		E75589E716303F1000A1595C /* DXDALRequestMultipartForm.m in Sources */ = {isa = PBXBuildFile; fileRef = E75589B316303F1000A1595C /* DXDALRequestMultipartForm.m */; };
		E75589E816303F1000A1595C /* DXDALRequestMultipartForm.m in Sources */ = {isa = PBXBuildFile; fileRef = E75589B316303F1000A1595C /* DXDALRequestMultipartForm.m */; };
		E75589EA16303F1000A1595C /* DXDALRequestMultipartStreaming.h in Headers */ = {isa = PBXBuildFile; fileRef = E75589B416303F1000A1595C /* DXDALRequestMultipartStreaming.h */; };
		E75589EB16303F1000A1595C /* DXDALRequestMultipartStreaming.m in Sources */ = {isa = PBXBuildFile; fileRef = E75589B516303F1000A1595C /* DXDALRequestMultipartStreaming.m */; };
		E75589EC16303F1000A1595C /* DXDALRequestMultipartStreaming.m in Sources */ = {isa = PBXBuildFile; fileRef = E75589B516303F1000A1595C /* DXDALRequestMultipartStreaming.m */; };
		E75589F016303F7600A1595C /* DXDALDataProviderHTTPCached.h in Headers */ = {isa = PBXBuildFile; fileRef = E75589EE16303F7600A1595C /* DXDALDataProviderHTTPCached.h */; };
		E75589F116303F7600A1595C /* DXDALDataProviderHTTPCached.m in Sources */ = {isa = PBXBuildFile; fileRef = E75589EF16303F7600A1595C /* DXDALDataProviderHTTPCached.m */; };
		E75589F216303F7600A1595C /* DXDALDataProviderHTTPCached.m in Sources */ = {isa = PBXBuildFile; fileRef = E75589EF16303F7600A1595C /* DXDALDataProviderHTTPCached.m */; };
		F7DD19BE85CF4147A5626576 /* libPods.a in Frameworks */ = {isa = PBXBuildFile; fileRef = BB311C521B0F439C8B445314 /* libPods.a */; };
		F7DD19BE85CF4147A562657C /* UsersAPI.m in Sources */ = {isa = PBXBuildFile; fileRef = F7DD19BE85CF4147A562657B /* UsersAPI.m */; };
/* End PBXBuildFile section */

/* Begin PBXContainerItemProxy section */
		ADDC38ED15002300007349BC /* PBXContainerItemProxy */ = {
			isa = PBXContainerItemProxy;
			containerPortal = ADDC38CE15002300007349BC /* Project object */;
			proxyType = 1;
			remoteGlobalIDString = ADDC38D615002300007349BC;
			remoteInfo = DXDAL;
		};
/* End PBXContainerItemProxy section */

/* Begin PBXFileReference section */
		12036643CB3C4FCEA3528614 /* Pods.xcconfig */ = {isa = PBXFileReference; lastKnownFileType = text.xcconfig; name = Pods.xcconfig; path = Pods/Pods.xcconfig; sourceTree = SOURCE_ROOT; };
		AD99829E150A1358005D8D1F /* UserSession.h */ = {isa = PBXFileReference; fileEncoding = 4; lastKnownFileType = sourcecode.c.h; path = UserSession.h; sourceTree = "<group>"; };
		AD99829F150A1358005D8D1F /* UserSession.m */ = {isa = PBXFileReference; fileEncoding = 4; lastKnownFileType = sourcecode.c.objc; path = UserSession.m; sourceTree = "<group>"; };
		AD9982A1150A1B41005D8D1F /* User.h */ = {isa = PBXFileReference; fileEncoding = 4; lastKnownFileType = sourcecode.c.h; path = User.h; sourceTree = "<group>"; };
		AD9982A2150A1B41005D8D1F /* User.m */ = {isa = PBXFileReference; fileEncoding = 4; lastKnownFileType = sourcecode.c.objc; path = User.m; sourceTree = "<group>"; };
		AD9CC4C01500249100FEBE10 /* DXDAL.h */ = {isa = PBXFileReference; fileEncoding = 4; lastKnownFileType = sourcecode.c.h; name = DXDAL.h; path = ../DXDAL.h; sourceTree = "<group>"; };
		AD9CC4C21500249100FEBE10 /* DXDALConfigurableRequest.h */ = {isa = PBXFileReference; fileEncoding = 4; lastKnownFileType = sourcecode.c.h; path = DXDALConfigurableRequest.h; sourceTree = "<group>"; };
		AD9CC4C31500249100FEBE10 /* DXDALDataProvider.h */ = {isa = PBXFileReference; fileEncoding = 4; lastKnownFileType = sourcecode.c.h; path = DXDALDataProvider.h; sourceTree = "<group>"; };
		AD9CC4C41500249100FEBE10 /* DXDALMapper.h */ = {isa = PBXFileReference; fileEncoding = 4; lastKnownFileType = sourcecode.c.h; path = DXDALMapper.h; sourceTree = "<group>"; };
		AD9CC4C51500249100FEBE10 /* DXDALParser.h */ = {isa = PBXFileReference; fileEncoding = 4; lastKnownFileType = sourcecode.c.h; path = DXDALParser.h; sourceTree = "<group>"; };
		AD9CC4C61500249100FEBE10 /* DXDALRequestFactoryProtocol.h */ = {isa = PBXFileReference; fileEncoding = 4; lastKnownFileType = sourcecode.c.h; path = DXDALRequestFactoryProtocol.h; sourceTree = "<group>"; };
		AD9CC4DA1500277A00FEBE10 /* libPods-tests.a */ = {isa = PBXFileReference; lastKnownFileType = archive.ar; name = "libPods-tests.a"; path = "Pods/build/Release-iphoneos/libPods-tests.a"; sourceTree = "<group>"; };
		AD9CC4DF150027E700FEBE10 /* SystemConfiguration.framework */ = {isa = PBXFileReference; lastKnownFileType = wrapper.framework; name = SystemConfiguration.framework; path = System/Library/Frameworks/SystemConfiguration.framework; sourceTree = SDKROOT; };
		ADBA51B21500E4FB004F3003 /* TestProject.app */ = {isa = PBXFileReference; explicitFileType = wrapper.application; includeInIndex = 0; path = TestProject.app; sourceTree = BUILT_PRODUCTS_DIR; };
		ADBA51B61500E4FB004F3003 /* CoreGraphics.framework */ = {isa = PBXFileReference; lastKnownFileType = wrapper.framework; name = CoreGraphics.framework; path = System/Library/Frameworks/CoreGraphics.framework; sourceTree = SDKROOT; };
		ADBA51BA1500E4FB004F3003 /* TestProject-Info.plist */ = {isa = PBXFileReference; lastKnownFileType = text.plist.xml; path = "TestProject-Info.plist"; sourceTree = "<group>"; };
		ADBA51BC1500E4FB004F3003 /* en */ = {isa = PBXFileReference; lastKnownFileType = text.plist.strings; name = en; path = en.lproj/InfoPlist.strings; sourceTree = "<group>"; };
		ADBA51BE1500E4FB004F3003 /* main.m */ = {isa = PBXFileReference; lastKnownFileType = sourcecode.c.objc; path = main.m; sourceTree = "<group>"; };
		ADBA51C01500E4FB004F3003 /* TestProject-Prefix.pch */ = {isa = PBXFileReference; lastKnownFileType = sourcecode.c.h; path = "TestProject-Prefix.pch"; sourceTree = "<group>"; };
		ADBA51C11500E4FB004F3003 /* DXDALAppDelegate.h */ = {isa = PBXFileReference; lastKnownFileType = sourcecode.c.h; path = DXDALAppDelegate.h; sourceTree = "<group>"; };
		ADBA51C21500E4FB004F3003 /* DXDALAppDelegate.m */ = {isa = PBXFileReference; lastKnownFileType = sourcecode.c.objc; path = DXDALAppDelegate.m; sourceTree = "<group>"; };
		ADDC38D715002300007349BC /* libDXDAL.a */ = {isa = PBXFileReference; explicitFileType = archive.ar; includeInIndex = 0; path = libDXDAL.a; sourceTree = BUILT_PRODUCTS_DIR; };
		ADDC38DA15002300007349BC /* Foundation.framework */ = {isa = PBXFileReference; lastKnownFileType = wrapper.framework; name = Foundation.framework; path = System/Library/Frameworks/Foundation.framework; sourceTree = SDKROOT; };
		ADDC38DE15002300007349BC /* DXDAL-Prefix.pch */ = {isa = PBXFileReference; lastKnownFileType = sourcecode.c.h; path = "DXDAL-Prefix.pch"; sourceTree = "<group>"; };
		ADDC38E715002300007349BC /* DXDALTests.octest */ = {isa = PBXFileReference; explicitFileType = wrapper.cfbundle; includeInIndex = 0; path = DXDALTests.octest; sourceTree = BUILT_PRODUCTS_DIR; };
		ADDC38E815002300007349BC /* SenTestingKit.framework */ = {isa = PBXFileReference; lastKnownFileType = wrapper.framework; name = SenTestingKit.framework; path = Library/Frameworks/SenTestingKit.framework; sourceTree = DEVELOPER_DIR; };
		ADDC38EA15002300007349BC /* UIKit.framework */ = {isa = PBXFileReference; lastKnownFileType = wrapper.framework; name = UIKit.framework; path = Library/Frameworks/UIKit.framework; sourceTree = DEVELOPER_DIR; };
		BB311C521B0F439C8B445314 /* libPods.a */ = {isa = PBXFileReference; explicitFileType = archive.ar; includeInIndex = 0; path = libPods.a; sourceTree = BUILT_PRODUCTS_DIR; };
		BC1ABAD217D89FF500E5A5A0 /* DXDALPaginationParser.h */ = {isa = PBXFileReference; fileEncoding = 4; lastKnownFileType = sourcecode.c.h; path = DXDALPaginationParser.h; sourceTree = "<group>"; };
		BC1ABAD317D89FF500E5A5A0 /* DXDALPaginationParser.m */ = {isa = PBXFileReference; fileEncoding = 4; lastKnownFileType = sourcecode.c.objc; path = DXDALPaginationParser.m; sourceTree = "<group>"; };
		BCCB2B8D17DA1D52005DA6B2 /* MobileCoreServices.framework */ = {isa = PBXFileReference; lastKnownFileType = wrapper.framework; name = MobileCoreServices.framework; path = System/Library/Frameworks/MobileCoreServices.framework; sourceTree = SDKROOT; };
		E755899816303F1000A1595C /* DXDALDataProviderHTTP.h */ = {isa = PBXFileReference; fileEncoding = 4; lastKnownFileType = sourcecode.c.h; path = DXDALDataProviderHTTP.h; sourceTree = "<group>"; };
		E755899916303F1000A1595C /* DXDALDataProviderHTTP.m */ = {isa = PBXFileReference; fileEncoding = 4; lastKnownFileType = sourcecode.c.objc; path = DXDALDataProviderHTTP.m; sourceTree = "<group>"; };
		E755899A16303F1000A1595C /* DXDALDataProviderMultipartForm.h */ = {isa = PBXFileReference; fileEncoding = 4; lastKnownFileType = sourcecode.c.h; path = DXDALDataProviderMultipartForm.h; sourceTree = "<group>"; };
		E755899B16303F1000A1595C /* DXDALDataProviderMultipartForm.m */ = {isa = PBXFileReference; fileEncoding = 4; lastKnownFileType = sourcecode.c.objc; path = DXDALDataProviderMultipartForm.m; sourceTree = "<group>"; };
		E755899C16303F1000A1595C /* DXDALDataProviderMultipartFormStreaming.h */ = {isa = PBXFileReference; fileEncoding = 4; lastKnownFileType = sourcecode.c.h; path = DXDALDataProviderMultipartFormStreaming.h; sourceTree = "<group>"; };
		E755899D16303F1000A1595C /* DXDALDataProviderMultipartFormStreaming.m */ = {isa = PBXFileReference; fileEncoding = 4; lastKnownFileType = sourcecode.c.objc; path = DXDALDataProviderMultipartFormStreaming.m; sourceTree = "<group>"; };
		E755899E16303F1000A1595C /* DXDALHTTPClient.h */ = {isa = PBXFileReference; fileEncoding = 4; lastKnownFileType = sourcecode.c.h; path = DXDALHTTPClient.h; sourceTree = "<group>"; };
		E755899F16303F1000A1595C /* DXDALHTTPClient.m */ = {isa = PBXFileReference; fileEncoding = 4; lastKnownFileType = sourcecode.c.objc; path = DXDALHTTPClient.m; sourceTree = "<group>"; };
		E75589A016303F1000A1595C /* DXDALMapperStandart.h */ = {isa = PBXFileReference; fileEncoding = 4; lastKnownFileType = sourcecode.c.h; path = DXDALMapperStandart.h; sourceTree = "<group>"; };
		E75589A116303F1000A1595C /* DXDALMapperStandart.m */ = {isa = PBXFileReference; fileEncoding = 4; lastKnownFileType = sourcecode.c.objc; path = DXDALMapperStandart.m; sourceTree = "<group>"; };
		E75589A216303F1000A1595C /* DXDALParserJSON.h */ = {isa = PBXFileReference; fileEncoding = 4; lastKnownFileType = sourcecode.c.h; path = DXDALParserJSON.h; sourceTree = "<group>"; };
		E75589A316303F1000A1595C /* DXDALParserJSON.m */ = {isa = PBXFileReference; fileEncoding = 4; lastKnownFileType = sourcecode.c.objc; path = DXDALParserJSON.m; sourceTree = "<group>"; };
		E75589A516303F1000A1595C /* DXDALRequestFactory.h */ = {isa = PBXFileReference; fileEncoding = 4; lastKnownFileType = sourcecode.c.h; path = DXDALRequestFactory.h; sourceTree = "<group>"; };
		E75589A616303F1000A1595C /* DXDALRequestFactory.m */ = {isa = PBXFileReference; fileEncoding = 4; lastKnownFileType = sourcecode.c.objc; path = DXDALRequestFactory.m; sourceTree = "<group>"; };
		E75589A716303F1000A1595C /* DXDALRequestFactoryHTTP.h */ = {isa = PBXFileReference; fileEncoding = 4; lastKnownFileType = sourcecode.c.h; path = DXDALRequestFactoryHTTP.h; sourceTree = "<group>"; };
		E75589A816303F1000A1595C /* DXDALRequestFactoryHTTP.m */ = {isa = PBXFileReference; fileEncoding = 4; lastKnownFileType = sourcecode.c.objc; path = DXDALRequestFactoryHTTP.m; sourceTree = "<group>"; };
		E75589AA16303F1000A1595C /* DXDALRequest.h */ = {isa = PBXFileReference; fileEncoding = 4; lastKnownFileType = sourcecode.c.h; path = DXDALRequest.h; sourceTree = "<group>"; };
		E75589AB16303F1000A1595C /* DXDALRequest.m */ = {isa = PBXFileReference; fileEncoding = 4; lastKnownFileType = sourcecode.c.objc; path = DXDALRequest.m; sourceTree = "<group>"; };
		E75589AC16303F1000A1595C /* DXDALRequestHTTP.h */ = {isa = PBXFileReference; fileEncoding = 4; lastKnownFileType = sourcecode.c.h; path = DXDALRequestHTTP.h; sourceTree = "<group>"; };
		E75589AD16303F1000A1595C /* DXDALRequestHTTP.m */ = {isa = PBXFileReference; fileEncoding = 4; lastKnownFileType = sourcecode.c.objc; path = DXDALRequestHTTP.m; sourceTree = "<group>"; };
		E75589AE16303F1000A1595C /* DXDALRequestHTTPPagination.h */ = {isa = PBXFileReference; fileEncoding = 4; lastKnownFileType = sourcecode.c.h; path = DXDALRequestHTTPPagination.h; sourceTree = "<group>"; };
		E75589AF16303F1000A1595C /* DXDALRequestHTTPPagination.m */ = {isa = PBXFileReference; fileEncoding = 4; lastKnownFileType = sourcecode.c.objc; path = DXDALRequestHTTPPagination.m; sourceTree = "<group>"; };
		E75589B016303F1000A1595C /* DXDALRequestHTTPRawData.h */ = {isa = PBXFileReference; fileEncoding = 4; lastKnownFileType = sourcecode.c.h; path = DXDALRequestHTTPRawData.h; sourceTree = "<group>"; };
		E75589B116303F1000A1595C /* DXDALRequestHTTPRawData.m */ = {isa = PBXFileReference; fileEncoding = 4; lastKnownFileType = sourcecode.c.objc; path = DXDALRequestHTTPRawData.m; sourceTree = "<group>"; };
		E75589B216303F1000A1595C /* DXDALRequestMultipartForm.h */ = {isa = PBXFileReference; fileEncoding = 4; lastKnownFileType = sourcecode.c.h; path = DXDALRequestMultipartForm.h; sourceTree = "<group>"; };
		E75589B316303F1000A1595C /* DXDALRequestMultipartForm.m */ = {isa = PBXFileReference; fileEncoding = 4; lastKnownFileType = sourcecode.c.objc; path = DXDALRequestMultipartForm.m; sourceTree = "<group>"; };
		E75589B416303F1000A1595C /* DXDALRequestMultipartStreaming.h */ = {isa = PBXFileReference; fileEncoding = 4; lastKnownFileType = sourcecode.c.h; path = DXDALRequestMultipartStreaming.h; sourceTree = "<group>"; };
		E75589B516303F1000A1595C /* DXDALRequestMultipartStreaming.m */ = {isa = PBXFileReference; fileEncoding = 4; lastKnownFileType = sourcecode.c.objc; path = DXDALRequestMultipartStreaming.m; sourceTree = "<group>"; };
		E75589EE16303F7600A1595C /* DXDALDataProviderHTTPCached.h */ = {isa = PBXFileReference; fileEncoding = 4; lastKnownFileType = sourcecode.c.h; path = DXDALDataProviderHTTPCached.h; sourceTree = "<group>"; };
		E75589EF16303F7600A1595C /* DXDALDataProviderHTTPCached.m */ = {isa = PBXFileReference; fileEncoding = 4; lastKnownFileType = sourcecode.c.objc; path = DXDALDataProviderHTTPCached.m; sourceTree = "<group>"; };
		F7DD19BE85CF4147A562657B /* UsersAPI.m */ = {isa = PBXFileReference; fileEncoding = 4; lastKnownFileType = sourcecode.c.objc; path = UsersAPI.m; sourceTree = "<group>"; };
		F7DD19BE85CF4147A562657D /* UsersAPI.h */ = {isa = PBXFileReference; fileEncoding = 4; lastKnownFileType = sourcecode.c.h; path = UsersAPI.h; sourceTree = "<group>"; };
/* End PBXFileReference section */

/* Begin PBXFrameworksBuildPhase section */
		ADBA51AF1500E4FB004F3003 /* Frameworks */ = {
			isa = PBXFrameworksBuildPhase;
			buildActionMask = 2147483647;
			files = (
				ADBA51C91500E5A3004F3003 /* libDXDAL.a in Frameworks */,
				ADBA51B41500E4FB004F3003 /* UIKit.framework in Frameworks */,
				ADBA51B51500E4FB004F3003 /* Foundation.framework in Frameworks */,
				ADBA51B71500E4FB004F3003 /* CoreGraphics.framework in Frameworks */,
			);
			runOnlyForDeploymentPostprocessing = 0;
		};
		ADDC38D415002300007349BC /* Frameworks */ = {
			isa = PBXFrameworksBuildPhase;
			buildActionMask = 2147483647;
			files = (
				BCCB2B8E17DA1D53005DA6B2 /* MobileCoreServices.framework in Frameworks */,
				BCCB2B8C17DA1D28005DA6B2 /* SystemConfiguration.framework in Frameworks */,
				ADDC38DB15002300007349BC /* Foundation.framework in Frameworks */,
				F7DD19BE85CF4147A5626576 /* libPods.a in Frameworks */,
			);
			runOnlyForDeploymentPostprocessing = 0;
		};
		ADDC38E315002300007349BC /* Frameworks */ = {
			isa = PBXFrameworksBuildPhase;
			buildActionMask = 2147483647;
			files = (
				AD9CC4E0150027E700FEBE10 /* SystemConfiguration.framework in Frameworks */,
				AD9CC4DB1500277A00FEBE10 /* libPods-tests.a in Frameworks */,
				ADDC38E915002300007349BC /* SenTestingKit.framework in Frameworks */,
				ADDC38EB15002300007349BC /* UIKit.framework in Frameworks */,
				ADDC38EC15002300007349BC /* Foundation.framework in Frameworks */,
				ADDC38EF15002300007349BC /* libDXDAL.a in Frameworks */,
			);
			runOnlyForDeploymentPostprocessing = 0;
		};
/* End PBXFrameworksBuildPhase section */

/* Begin PBXGroup section */
		AD9CC4BA1500249100FEBE10 /* Code */ = {
			isa = PBXGroup;
			children = (
				AD9CC4BB1500249100FEBE10 /* Classes */,
				AD9CC4C11500249100FEBE10 /* Protocols */,
			);
			path = Code;
			sourceTree = "<group>";
		};
		AD9CC4BB1500249100FEBE10 /* Classes */ = {
			isa = PBXGroup;
			children = (
				AD9CC4C01500249100FEBE10 /* DXDAL.h */,
				E755899616303F1000A1595C /* HTTP */,
			);
			path = Classes;
			sourceTree = "<group>";
		};
		AD9CC4C11500249100FEBE10 /* Protocols */ = {
			isa = PBXGroup;
			children = (
				AD9CC4C21500249100FEBE10 /* DXDALConfigurableRequest.h */,
				AD9CC4C31500249100FEBE10 /* DXDALDataProvider.h */,
				AD9CC4C41500249100FEBE10 /* DXDALMapper.h */,
				AD9CC4C51500249100FEBE10 /* DXDALParser.h */,
				AD9CC4C61500249100FEBE10 /* DXDALRequestFactoryProtocol.h */,
			);
			path = Protocols;
			sourceTree = "<group>";
		};
		ADB1A5B515003BD2000A0774 /* TestingClasses */ = {
			isa = PBXGroup;
			children = (
				AD9982A1150A1B41005D8D1F /* User.h */,
				AD9982A2150A1B41005D8D1F /* User.m */,
				AD99829E150A1358005D8D1F /* UserSession.h */,
				AD99829F150A1358005D8D1F /* UserSession.m */,
				F7DD19BE85CF4147A562657D /* UsersAPI.h */,
				F7DD19BE85CF4147A562657B /* UsersAPI.m */,
			);
			name = TestingClasses;
			path = ../DXDALTests/Code/TestingClasses;
			sourceTree = "<group>";
		};
		ADBA51B81500E4FB004F3003 /* TestProject */ = {
			isa = PBXGroup;
			children = (
				ADB1A5B515003BD2000A0774 /* TestingClasses */,
				ADBA51C11500E4FB004F3003 /* DXDALAppDelegate.h */,
				ADBA51C21500E4FB004F3003 /* DXDALAppDelegate.m */,
				ADBA51B91500E4FB004F3003 /* Supporting Files */,
			);
			path = TestProject;
			sourceTree = "<group>";
		};
		ADBA51B91500E4FB004F3003 /* Supporting Files */ = {
			isa = PBXGroup;
			children = (
				ADBA51BA1500E4FB004F3003 /* TestProject-Info.plist */,
				ADBA51BB1500E4FB004F3003 /* InfoPlist.strings */,
				ADBA51BE1500E4FB004F3003 /* main.m */,
				ADBA51C01500E4FB004F3003 /* TestProject-Prefix.pch */,
			);
			name = "Supporting Files";
			sourceTree = "<group>";
		};
		ADDC38CC15002300007349BC = {
			isa = PBXGroup;
			children = (
				BCCB2B8D17DA1D52005DA6B2 /* MobileCoreServices.framework */,
				ADDC38DC15002300007349BC /* DXDAL */,
				ADBA51B81500E4FB004F3003 /* TestProject */,
				ADDC38D915002300007349BC /* Frameworks */,
				ADDC38D815002300007349BC /* Products */,
				12036643CB3C4FCEA3528614 /* Pods.xcconfig */,
			);
			sourceTree = "<group>";
		};
		ADDC38D815002300007349BC /* Products */ = {
			isa = PBXGroup;
			children = (
				ADDC38D715002300007349BC /* libDXDAL.a */,
				ADDC38E715002300007349BC /* DXDALTests.octest */,
				ADBA51B21500E4FB004F3003 /* TestProject.app */,
			);
			name = Products;
			sourceTree = "<group>";
		};
		ADDC38D915002300007349BC /* Frameworks */ = {
			isa = PBXGroup;
			children = (
				AD9CC4DF150027E700FEBE10 /* SystemConfiguration.framework */,
				AD9CC4DA1500277A00FEBE10 /* libPods-tests.a */,
				ADDC38DA15002300007349BC /* Foundation.framework */,
				ADDC38E815002300007349BC /* SenTestingKit.framework */,
				ADDC38EA15002300007349BC /* UIKit.framework */,
				BB311C521B0F439C8B445314 /* libPods.a */,
				ADBA51B61500E4FB004F3003 /* CoreGraphics.framework */,
			);
			name = Frameworks;
			sourceTree = "<group>";
		};
		ADDC38DC15002300007349BC /* DXDAL */ = {
			isa = PBXGroup;
			children = (
				AD9CC4BA1500249100FEBE10 /* Code */,
				ADDC38DD15002300007349BC /* Supporting Files */,
			);
			path = DXDAL;
			sourceTree = "<group>";
		};
		ADDC38DD15002300007349BC /* Supporting Files */ = {
			isa = PBXGroup;
			children = (
				ADDC38DE15002300007349BC /* DXDAL-Prefix.pch */,
			);
			name = "Supporting Files";
			sourceTree = "<group>";
		};
		E755899616303F1000A1595C /* HTTP */ = {
			isa = PBXGroup;
			children = (
				E755899E16303F1000A1595C /* DXDALHTTPClient.h */,
				E755899F16303F1000A1595C /* DXDALHTTPClient.m */,
				E75589A016303F1000A1595C /* DXDALMapperStandart.h */,
				E75589A116303F1000A1595C /* DXDALMapperStandart.m */,
				E75589A216303F1000A1595C /* DXDALParserJSON.h */,
				E75589A316303F1000A1595C /* DXDALParserJSON.m */,
				BC1ABAD217D89FF500E5A5A0 /* DXDALPaginationParser.h */,
				BC1ABAD317D89FF500E5A5A0 /* DXDALPaginationParser.m */,
				E755899716303F1000A1595C /* Data Providers */,
				E75589A416303F1000A1595C /* Factories */,
				E75589A916303F1000A1595C /* Requests */,
			);
			path = HTTP;
			sourceTree = "<group>";
		};
		E755899716303F1000A1595C /* Data Providers */ = {
			isa = PBXGroup;
			children = (
				E755899816303F1000A1595C /* DXDALDataProviderHTTP.h */,
				E755899916303F1000A1595C /* DXDALDataProviderHTTP.m */,
				E755899A16303F1000A1595C /* DXDALDataProviderMultipartForm.h */,
				E755899B16303F1000A1595C /* DXDALDataProviderMultipartForm.m */,
				E755899C16303F1000A1595C /* DXDALDataProviderMultipartFormStreaming.h */,
				E755899D16303F1000A1595C /* DXDALDataProviderMultipartFormStreaming.m */,
				E75589EE16303F7600A1595C /* DXDALDataProviderHTTPCached.h */,
				E75589EF16303F7600A1595C /* DXDALDataProviderHTTPCached.m */,
			);
			path = "Data Providers";
			sourceTree = "<group>";
		};
		E75589A416303F1000A1595C /* Factories */ = {
			isa = PBXGroup;
			children = (
				E75589A516303F1000A1595C /* DXDALRequestFactory.h */,
				E75589A616303F1000A1595C /* DXDALRequestFactory.m */,
				E75589A716303F1000A1595C /* DXDALRequestFactoryHTTP.h */,
				E75589A816303F1000A1595C /* DXDALRequestFactoryHTTP.m */,
			);
			path = Factories;
			sourceTree = "<group>";
		};
		E75589A916303F1000A1595C /* Requests */ = {
			isa = PBXGroup;
			children = (
				E75589AA16303F1000A1595C /* DXDALRequest.h */,
				E75589AB16303F1000A1595C /* DXDALRequest.m */,
				E75589AC16303F1000A1595C /* DXDALRequestHTTP.h */,
				E75589AD16303F1000A1595C /* DXDALRequestHTTP.m */,
				E75589AE16303F1000A1595C /* DXDALRequestHTTPPagination.h */,
				E75589AF16303F1000A1595C /* DXDALRequestHTTPPagination.m */,
				E75589B016303F1000A1595C /* DXDALRequestHTTPRawData.h */,
				E75589B116303F1000A1595C /* DXDALRequestHTTPRawData.m */,
				E75589B216303F1000A1595C /* DXDALRequestMultipartForm.h */,
				E75589B316303F1000A1595C /* DXDALRequestMultipartForm.m */,
				E75589B416303F1000A1595C /* DXDALRequestMultipartStreaming.h */,
				E75589B516303F1000A1595C /* DXDALRequestMultipartStreaming.m */,
			);
			path = Requests;
			sourceTree = "<group>";
		};
/* End PBXGroup section */

/* Begin PBXHeadersBuildPhase section */
		ADDC38D515002300007349BC /* Headers */ = {
			isa = PBXHeadersBuildPhase;
			buildActionMask = 2147483647;
			files = (
				AD9CC4CE1500249100FEBE10 /* DXDALDataProvider.h in Headers */,
				AD9CC4CF1500249100FEBE10 /* DXDALMapper.h in Headers */,
				AD9CC4D01500249100FEBE10 /* DXDALParser.h in Headers */,
				AD9CC4D11500249100FEBE10 /* DXDALRequestFactoryProtocol.h in Headers */,
				AD9CC4CD1500249100FEBE10 /* DXDALConfigurableRequest.h in Headers */,
				AD9CC4D4150026D500FEBE10 /* DXDAL.h in Headers */,
				E75589B616303F1000A1595C /* DXDALDataProviderHTTP.h in Headers */,
				E75589BA16303F1000A1595C /* DXDALDataProviderMultipartForm.h in Headers */,
				E75589BE16303F1000A1595C /* DXDALDataProviderMultipartFormStreaming.h in Headers */,
				E75589C216303F1000A1595C /* DXDALHTTPClient.h in Headers */,
				E75589C616303F1000A1595C /* DXDALMapperStandart.h in Headers */,
				E75589CA16303F1000A1595C /* DXDALParserJSON.h in Headers */,
				E75589CE16303F1000A1595C /* DXDALRequestFactory.h in Headers */,
				E75589D216303F1000A1595C /* DXDALRequestFactoryHTTP.h in Headers */,
				E75589D616303F1000A1595C /* DXDALRequest.h in Headers */,
				E75589DA16303F1000A1595C /* DXDALRequestHTTP.h in Headers */,
				E75589DE16303F1000A1595C /* DXDALRequestHTTPPagination.h in Headers */,
				E75589E216303F1000A1595C /* DXDALRequestHTTPRawData.h in Headers */,
				E75589E616303F1000A1595C /* DXDALRequestMultipartForm.h in Headers */,
				E75589EA16303F1000A1595C /* DXDALRequestMultipartStreaming.h in Headers */,
				E75589F016303F7600A1595C /* DXDALDataProviderHTTPCached.h in Headers */,
				BC1ABAD417D89FF500E5A5A0 /* DXDALPaginationParser.h in Headers */,
			);
			runOnlyForDeploymentPostprocessing = 0;
		};
/* End PBXHeadersBuildPhase section */

/* Begin PBXNativeTarget section */
		ADBA51B11500E4FB004F3003 /* TestProject */ = {
			isa = PBXNativeTarget;
			buildConfigurationList = ADBA51C61500E4FB004F3003 /* Build configuration list for PBXNativeTarget "TestProject" */;
			buildPhases = (
				ADBA51AE1500E4FB004F3003 /* Sources */,
				ADBA51AF1500E4FB004F3003 /* Frameworks */,
				ADBA51B01500E4FB004F3003 /* Resources */,
			);
			buildRules = (
			);
			dependencies = (
			);
			name = TestProject;
			productName = TestProject;
			productReference = ADBA51B21500E4FB004F3003 /* TestProject.app */;
			productType = "com.apple.product-type.application";
		};
		ADDC38D615002300007349BC /* DXDAL */ = {
			isa = PBXNativeTarget;
			buildConfigurationList = ADDC38FB15002300007349BC /* Build configuration list for PBXNativeTarget "DXDAL" */;
			buildPhases = (
				ADDC38D315002300007349BC /* Sources */,
				ADDC38D415002300007349BC /* Frameworks */,
				ADDC38D515002300007349BC /* Headers */,
				B19030F0C3A84669B653909C /* Copy Pods Resources */,
			);
			buildRules = (
			);
			dependencies = (
			);
			name = DXDAL;
			productName = DXDAL;
			productReference = ADDC38D715002300007349BC /* libDXDAL.a */;
			productType = "com.apple.product-type.library.static";
		};
		ADDC38E615002300007349BC /* DXDALTests */ = {
			isa = PBXNativeTarget;
			buildConfigurationList = ADDC38FE15002300007349BC /* Build configuration list for PBXNativeTarget "DXDALTests" */;
			buildPhases = (
				ADDC38E215002300007349BC /* Sources */,
				ADDC38E315002300007349BC /* Frameworks */,
				ADDC38E415002300007349BC /* Resources */,
				ADDC38E515002300007349BC /* ShellScript */,
				B19030F0C3A84669B653909C /* Copy Pods Resources */,
			);
			buildRules = (
			);
			dependencies = (
				ADDC38EE15002300007349BC /* PBXTargetDependency */,
			);
			name = DXDALTests;
			productName = DXDALTests;
			productReference = ADDC38E715002300007349BC /* DXDALTests.octest */;
			productType = "com.apple.product-type.bundle";
		};
/* End PBXNativeTarget section */

/* Begin PBXProject section */
		ADDC38CE15002300007349BC /* Project object */ = {
			isa = PBXProject;
			attributes = {
				CLASSPREFIX = DXDAL;
				LastUpgradeCheck = 0440;
				ORGANIZATIONNAME = 111Minutes;
			};
			buildConfigurationList = ADDC38D115002300007349BC /* Build configuration list for PBXProject "DXDAL" */;
			compatibilityVersion = "Xcode 3.2";
			developmentRegion = English;
			hasScannedForEncodings = 0;
			knownRegions = (
				en,
			);
			mainGroup = ADDC38CC15002300007349BC;
			productRefGroup = ADDC38D815002300007349BC /* Products */;
			projectDirPath = "";
			projectRoot = "";
			targets = (
				ADDC38D615002300007349BC /* DXDAL */,
				ADDC38E615002300007349BC /* DXDALTests */,
				ADBA51B11500E4FB004F3003 /* TestProject */,
			);
		};
/* End PBXProject section */

/* Begin PBXResourcesBuildPhase section */
		ADBA51B01500E4FB004F3003 /* Resources */ = {
			isa = PBXResourcesBuildPhase;
			buildActionMask = 2147483647;
			files = (
				ADBA51BD1500E4FB004F3003 /* InfoPlist.strings in Resources */,
			);
			runOnlyForDeploymentPostprocessing = 0;
		};
		ADDC38E415002300007349BC /* Resources */ = {
			isa = PBXResourcesBuildPhase;
			buildActionMask = 2147483647;
			files = (
			);
			runOnlyForDeploymentPostprocessing = 0;
		};
/* End PBXResourcesBuildPhase section */

/* Begin PBXShellScriptBuildPhase section */
		ADDC38E515002300007349BC /* ShellScript */ = {
			isa = PBXShellScriptBuildPhase;
			buildActionMask = 2147483647;
			files = (
			);
			inputPaths = (
			);
			outputPaths = (
			);
			runOnlyForDeploymentPostprocessing = 0;
			shellPath = /bin/sh;
			shellScript = "# Run the unit tests in this test bundle.\n\"${SYSTEM_DEVELOPER_DIR}/Tools/RunUnitTests\"\n";
		};
		B19030F0C3A84669B653909C /* Copy Pods Resources */ = {
			isa = PBXShellScriptBuildPhase;
			buildActionMask = 2147483647;
			files = (
			);
			inputPaths = (
			);
			name = "Copy Pods Resources";
			outputPaths = (
			);
			runOnlyForDeploymentPostprocessing = 0;
			shellPath = /bin/sh;
			shellScript = "\"${SRCROOT}/Pods/Pods-resources.sh\"\n";
		};
/* End PBXShellScriptBuildPhase section */

/* Begin PBXSourcesBuildPhase section */
		ADBA51AE1500E4FB004F3003 /* Sources */ = {
			isa = PBXSourcesBuildPhase;
			buildActionMask = 2147483647;
			files = (
				BCC504E7169ECAAF00C5EBF1 /* DXDALAppDelegate.m in Sources */,
				ADBA51BF1500E4FB004F3003 /* main.m in Sources */,
				ADBA51C81500E58E004F3003 /* UsersAPI.m in Sources */,
				AD9982A0150A1358005D8D1F /* UserSession.m in Sources */,
				AD9982A3150A1B41005D8D1F /* User.m in Sources */,
			);
			runOnlyForDeploymentPostprocessing = 0;
		};
		ADDC38D315002300007349BC /* Sources */ = {
			isa = PBXSourcesBuildPhase;
			buildActionMask = 2147483647;
			files = (
				E75589B716303F1000A1595C /* DXDALDataProviderHTTP.m in Sources */,
				E75589BB16303F1000A1595C /* DXDALDataProviderMultipartForm.m in Sources */,
				E75589BF16303F1000A1595C /* DXDALDataProviderMultipartFormStreaming.m in Sources */,
				E75589C316303F1000A1595C /* DXDALHTTPClient.m in Sources */,
				E75589C716303F1000A1595C /* DXDALMapperStandart.m in Sources */,
				E75589CB16303F1000A1595C /* DXDALParserJSON.m in Sources */,
				E75589CF16303F1000A1595C /* DXDALRequestFactory.m in Sources */,
				E75589D316303F1000A1595C /* DXDALRequestFactoryHTTP.m in Sources */,
				E75589D716303F1000A1595C /* DXDALRequest.m in Sources */,
				E75589DB16303F1000A1595C /* DXDALRequestHTTP.m in Sources */,
				E75589DF16303F1000A1595C /* DXDALRequestHTTPPagination.m in Sources */,
				E75589E316303F1000A1595C /* DXDALRequestHTTPRawData.m in Sources */,
				E75589E716303F1000A1595C /* DXDALRequestMultipartForm.m in Sources */,
				E75589EB16303F1000A1595C /* DXDALRequestMultipartStreaming.m in Sources */,
				E75589F116303F7600A1595C /* DXDALDataProviderHTTPCached.m in Sources */,
				BC1ABAD517D89FF500E5A5A0 /* DXDALPaginationParser.m in Sources */,
			);
			runOnlyForDeploymentPostprocessing = 0;
		};
		ADDC38E215002300007349BC /* Sources */ = {
			isa = PBXSourcesBuildPhase;
			buildActionMask = 2147483647;
			files = (
				F7DD19BE85CF4147A562657C /* UsersAPI.m in Sources */,
				E75589B816303F1000A1595C /* DXDALDataProviderHTTP.m in Sources */,
				E75589BC16303F1000A1595C /* DXDALDataProviderMultipartForm.m in Sources */,
				E75589C016303F1000A1595C /* DXDALDataProviderMultipartFormStreaming.m in Sources */,
				E75589C416303F1000A1595C /* DXDALHTTPClient.m in Sources */,
				E75589C816303F1000A1595C /* DXDALMapperStandart.m in Sources */,
				E75589CC16303F1000A1595C /* DXDALParserJSON.m in Sources */,
				E75589D016303F1000A1595C /* DXDALRequestFactory.m in Sources */,
				E75589D416303F1000A1595C /* DXDALRequestFactoryHTTP.m in Sources */,
				E75589D816303F1000A1595C /* DXDALRequest.m in Sources */,
				E75589DC16303F1000A1595C /* DXDALRequestHTTP.m in Sources */,
				E75589E016303F1000A1595C /* DXDALRequestHTTPPagination.m in Sources */,
				E75589E416303F1000A1595C /* DXDALRequestHTTPRawData.m in Sources */,
				E75589E816303F1000A1595C /* DXDALRequestMultipartForm.m in Sources */,
				E75589EC16303F1000A1595C /* DXDALRequestMultipartStreaming.m in Sources */,
				E75589F216303F7600A1595C /* DXDALDataProviderHTTPCached.m in Sources */,
			);
			runOnlyForDeploymentPostprocessing = 0;
		};
/* End PBXSourcesBuildPhase section */

/* Begin PBXTargetDependency section */
		ADDC38EE15002300007349BC /* PBXTargetDependency */ = {
			isa = PBXTargetDependency;
			target = ADDC38D615002300007349BC /* DXDAL */;
			targetProxy = ADDC38ED15002300007349BC /* PBXContainerItemProxy */;
		};
/* End PBXTargetDependency section */

/* Begin PBXVariantGroup section */
		ADBA51BB1500E4FB004F3003 /* InfoPlist.strings */ = {
			isa = PBXVariantGroup;
			children = (
				ADBA51BC1500E4FB004F3003 /* en */,
			);
			name = InfoPlist.strings;
			sourceTree = "<group>";
		};
/* End PBXVariantGroup section */

/* Begin XCBuildConfiguration section */
		ADBA51C41500E4FB004F3003 /* Debug */ = {
			isa = XCBuildConfiguration;
			baseConfigurationReference = 12036643CB3C4FCEA3528614 /* Pods.xcconfig */;
			buildSettings = {
				"CODE_SIGN_IDENTITY[sdk=iphoneos*]" = "iPhone Developer";
				FRAMEWORK_SEARCH_PATHS = (
					"$(inherited)",
					"\"$(SYSTEM_APPS_DIR)/Xcode.app/Contents/Developer/Library/Frameworks\"",
				);
				GCC_PRECOMPILE_PREFIX_HEADER = YES;
				GCC_PREFIX_HEADER = "TestProject/TestProject-Prefix.pch";
				INFOPLIST_FILE = "TestProject/TestProject-Info.plist";
				PRODUCT_NAME = "$(TARGET_NAME)";
				TARGETED_DEVICE_FAMILY = "1,2";
				WRAPPER_EXTENSION = app;
			};
			name = Debug;
		};
		ADBA51C51500E4FB004F3003 /* Release */ = {
			isa = XCBuildConfiguration;
			baseConfigurationReference = 12036643CB3C4FCEA3528614 /* Pods.xcconfig */;
			buildSettings = {
				"CODE_SIGN_IDENTITY[sdk=iphoneos*]" = "iPhone Developer";
				FRAMEWORK_SEARCH_PATHS = (
					"$(inherited)",
					"\"$(SYSTEM_APPS_DIR)/Xcode.app/Contents/Developer/Library/Frameworks\"",
				);
				GCC_PRECOMPILE_PREFIX_HEADER = YES;
				GCC_PREFIX_HEADER = "TestProject/TestProject-Prefix.pch";
				INFOPLIST_FILE = "TestProject/TestProject-Info.plist";
				OTHER_CFLAGS = "-DNS_BLOCK_ASSERTIONS=1";
				PRODUCT_NAME = "$(TARGET_NAME)";
				TARGETED_DEVICE_FAMILY = "1,2";
				WRAPPER_EXTENSION = app;
			};
			name = Release;
		};
		ADDC38F915002300007349BC /* Debug */ = {
			isa = XCBuildConfiguration;
			buildSettings = {
				ALWAYS_SEARCH_USER_PATHS = NO;
				ARCHS = "$(ARCHS_STANDARD_32_BIT)";
				CLANG_ENABLE_OBJC_ARC = YES;
				COPY_PHASE_STRIP = NO;
				GCC_C_LANGUAGE_STANDARD = gnu99;
				GCC_DYNAMIC_NO_PIC = NO;
				GCC_OPTIMIZATION_LEVEL = 0;
				GCC_PREPROCESSOR_DEFINITIONS = (
					"DEBUG=1",
					"$(inherited)",
				);
				GCC_SYMBOLS_PRIVATE_EXTERN = NO;
				GCC_VERSION = com.apple.compilers.llvm.clang.1_0;
				GCC_WARN_ABOUT_RETURN_TYPE = YES;
				GCC_WARN_UNINITIALIZED_AUTOS = YES;
				GCC_WARN_UNUSED_VARIABLE = YES;
				IPHONEOS_DEPLOYMENT_TARGET = 5.0;
				SDKROOT = iphoneos;
			};
			name = Debug;
		};
		ADDC38FA15002300007349BC /* Release */ = {
			isa = XCBuildConfiguration;
			buildSettings = {
				ALWAYS_SEARCH_USER_PATHS = NO;
				ARCHS = "$(ARCHS_STANDARD_32_BIT)";
				CLANG_ENABLE_OBJC_ARC = YES;
				COPY_PHASE_STRIP = YES;
				GCC_C_LANGUAGE_STANDARD = gnu99;
				GCC_VERSION = com.apple.compilers.llvm.clang.1_0;
				GCC_WARN_ABOUT_RETURN_TYPE = YES;
				GCC_WARN_UNINITIALIZED_AUTOS = YES;
				GCC_WARN_UNUSED_VARIABLE = YES;
				IPHONEOS_DEPLOYMENT_TARGET = 5.0;
				SDKROOT = iphoneos;
				VALIDATE_PRODUCT = YES;
			};
			name = Release;
		};
		ADDC38FC15002300007349BC /* Debug */ = {
			isa = XCBuildConfiguration;
			baseConfigurationReference = 12036643CB3C4FCEA3528614 /* Pods.xcconfig */;
			buildSettings = {
				DSTROOT = /tmp/DXDAL.dst;
				GCC_PRECOMPILE_PREFIX_HEADER = YES;
				GCC_PREFIX_HEADER = "DXDAL/DXDAL-Prefix.pch";
				GCC_VERSION = com.apple.compilers.llvm.clang.1_0;
				OTHER_LDFLAGS = "-ObjC";
				PRODUCT_NAME = "$(TARGET_NAME)";
				SKIP_INSTALL = YES;
			};
			name = Debug;
		};
		ADDC38FD15002300007349BC /* Release */ = {
			isa = XCBuildConfiguration;
			baseConfigurationReference = 12036643CB3C4FCEA3528614 /* Pods.xcconfig */;
			buildSettings = {
				DSTROOT = /tmp/DXDAL.dst;
				GCC_PRECOMPILE_PREFIX_HEADER = YES;
				GCC_PREFIX_HEADER = "DXDAL/DXDAL-Prefix.pch";
				GCC_VERSION = com.apple.compilers.llvm.clang.1_0;
				OTHER_LDFLAGS = "-ObjC";
				PRODUCT_NAME = "$(TARGET_NAME)";
				SKIP_INSTALL = YES;
			};
			name = Release;
		};
		ADDC38FF15002300007349BC /* Debug */ = {
			isa = XCBuildConfiguration;
			buildSettings = {
				DSTROOT = /tmp/xcodeproj.dst;
				FRAMEWORK_SEARCH_PATHS = (
					"$(SDKROOT)/Developer/Library/Frameworks",
					"$(DEVELOPER_LIBRARY_DIR)/Frameworks",
				);
				GCC_PRECOMPILE_PREFIX_HEADER = YES;
				GCC_PREFIX_HEADER = "DXDAL/DXDAL-Prefix.pch";
				GCC_VERSION = com.apple.compilers.llvm.clang.1_0;
				INFOPLIST_FILE = "DXDALTests/DXDALTests-Info.plist";
				PRODUCT_NAME = "$(TARGET_NAME)";
				SKIP_INSTALL = YES;
				WRAPPER_EXTENSION = octest;
			};
			name = Debug;
		};
		ADDC390015002300007349BC /* Release */ = {
			isa = XCBuildConfiguration;
			buildSettings = {
				DSTROOT = /tmp/xcodeproj.dst;
				FRAMEWORK_SEARCH_PATHS = (
					"$(SDKROOT)/Developer/Library/Frameworks",
					"$(DEVELOPER_LIBRARY_DIR)/Frameworks",
				);
				GCC_PRECOMPILE_PREFIX_HEADER = YES;
				GCC_PREFIX_HEADER = "DXDAL/DXDAL-Prefix.pch";
				GCC_VERSION = com.apple.compilers.llvm.clang.1_0;
				INFOPLIST_FILE = "DXDALTests/DXDALTests-Info.plist";
				PRODUCT_NAME = "$(TARGET_NAME)";
				SKIP_INSTALL = YES;
				WRAPPER_EXTENSION = octest;
			};
			name = Release;
		};
/* End XCBuildConfiguration section */

/* Begin XCConfigurationList section */
		ADBA51C61500E4FB004F3003 /* Build configuration list for PBXNativeTarget "TestProject" */ = {
			isa = XCConfigurationList;
			buildConfigurations = (
				ADBA51C41500E4FB004F3003 /* Debug */,
				ADBA51C51500E4FB004F3003 /* Release */,
			);
			defaultConfigurationIsVisible = 0;
			defaultConfigurationName = Release;
		};
		ADDC38D115002300007349BC /* Build configuration list for PBXProject "DXDAL" */ = {
			isa = XCConfigurationList;
			buildConfigurations = (
				ADDC38F915002300007349BC /* Debug */,
				ADDC38FA15002300007349BC /* Release */,
			);
			defaultConfigurationIsVisible = 0;
			defaultConfigurationName = Release;
		};
		ADDC38FB15002300007349BC /* Build configuration list for PBXNativeTarget "DXDAL" */ = {
			isa = XCConfigurationList;
			buildConfigurations = (
				ADDC38FC15002300007349BC /* Debug */,
				ADDC38FD15002300007349BC /* Release */,
			);
			defaultConfigurationIsVisible = 0;
			defaultConfigurationName = Release;
		};
		ADDC38FE15002300007349BC /* Build configuration list for PBXNativeTarget "DXDALTests" */ = {
			isa = XCConfigurationList;
			buildConfigurations = (
				ADDC38FF15002300007349BC /* Debug */,
				ADDC390015002300007349BC /* Release */,
			);
			defaultConfigurationIsVisible = 0;
			defaultConfigurationName = Release;
		};
/* End XCConfigurationList section */
	};
	rootObject = ADDC38CE15002300007349BC /* Project object */;
}
